
Microsoft Visual Studio Solution File, Format Version 12.00
# Visual Studio Version 16
VisualStudioVersion = 16.0.30320.27
MinimumVisualStudioVersion = 10.0.40219.1
Project("{FAE04EC0-301F-11D3-BF4B-00C04F79EFBC}") = "sleep", "sleep.csproj", "{27213917-FB8F-4482-8333-0DA6C875B872}"
EndProject
Global
	GlobalSection(SolutionConfigurationPlatforms) = preSolution
		Debug|Any CPU = Debug|Any CPU
		Release|Any CPU = Release|Any CPU
	EndGlobalSection
	GlobalSection(ProjectConfigurationPlatforms) = postSolution
		{27213917-FB8F-4482-8333-0DA6C875B872}.Debug|Any CPU.ActiveCfg = Debug|Any CPU
		{27213917-FB8F-4482-8333-0DA6C875B872}.Debug|Any CPU.Build.0 = Debug|Any CPU
		{27213917-FB8F-4482-8333-0DA6C875B872}.Release|Any CPU.ActiveCfg = Release|Any CPU
		{27213917-FB8F-4482-8333-0DA6C875B872}.Release|Any CPU.Build.0 = Release|Any CPU
	EndGlobalSection
	GlobalSection(SolutionProperties) = preSolution
		HideSolutionNode = FALSE
	EndGlobalSection
	GlobalSection(ExtensibilityGlobals) = postSolution
		SolutionGuid = {F36F6DE3-B583-4B44-8ABC-E6D60092E1C6}
	EndGlobalSection
EndGlobal
